
Microsoft Visual Studio Solution File, Format Version 12.00
# Visual Studio Version 18
VisualStudioVersion = 18.4.11702.344 oobstable
MinimumVisualStudioVersion = 10.0.40219.1
Project("{FAE04EC0-301F-11D3-BF4B-00C04F79EFBC}") = "[Template]LCS", "[Template]LCS.csproj", "{EA03CE00-2440-4C0C-9C42-43B960D7EE6C}"
EndProject
Global
	GlobalSection(SolutionConfigurationPlatforms) = preSolution
		Debug|Any CPU = Debug|Any CPU
		Release|Any CPU = Release|Any CPU
	EndGlobalSection
	GlobalSection(ProjectConfigurationPlatforms) = postSolution
		{EA03CE00-2440-4C0C-9C42-43B960D7EE6C}.Debug|Any CPU.ActiveCfg = Debug|Any CPU
		{EA03CE00-2440-4C0C-9C42-43B960D7EE6C}.Debug|Any CPU.Build.0 = Debug|Any CPU
		{EA03CE00-2440-4C0C-9C42-43B960D7EE6C}.Release|Any CPU.ActiveCfg = Release|Any CPU
		{EA03CE00-2440-4C0C-9C42-43B960D7EE6C}.Release|Any CPU.Build.0 = Release|Any CPU
	EndGlobalSection
	GlobalSection(SolutionProperties) = preSolution
		HideSolutionNode = FALSE
	EndGlobalSection
	GlobalSection(ExtensibilityGlobals) = postSolution
		SolutionGuid = {95178CEF-FDAF-4075-A555-B50EE716F2F8}
	EndGlobalSection
EndGlobal
